
Microsoft Visual Studio Solution File, Format Version 12.00
# Visual Studio Version 17
VisualStudioVersion = 17.4.33213.308
MinimumVisualStudioVersion = 10.0.40219.1
Project("{FAE04EC0-301F-11D3-BF4B-00C04F79EFBC}") = "TodoApp", "TodoApp\TodoApp.csproj", "{BA6BD18A-1338-441F-8E5F-5E23512C025B}"
EndProject
Global
	GlobalSection(SolutionConfigurationPlatforms) = preSolution
		Debug|Any CPU = Debug|Any CPU
		Release|Any CPU = Release|Any CPU
	EndGlobalSection
	GlobalSection(ProjectConfigurationPlatforms) = postSolution
		{BA6BD18A-1338-441F-8E5F-5E23512C025B}.Debug|Any CPU.ActiveCfg = Debug|Any CPU
		{BA6BD18A-1338-441F-8E5F-5E23512C025B}.Debug|Any CPU.Build.0 = Debug|Any CPU
		{BA6BD18A-1338-441F-8E5F-5E23512C025B}.Release|Any CPU.ActiveCfg = Release|Any CPU
		{BA6BD18A-1338-441F-8E5F-5E23512C025B}.Release|Any CPU.Build.0 = Release|Any CPU
	EndGlobalSection
	GlobalSection(SolutionProperties) = preSolution
		HideSolutionNode = FALSE
	EndGlobalSection
	GlobalSection(ExtensibilityGlobals) = postSolution
		SolutionGuid = {66AFA644-1B5E-4933-8A3B-4CD67A5E764A}
	EndGlobalSection
EndGlobal
